
Microsoft Visual Studio Solution File, Format Version 12.00
# Visual Studio 15
VisualStudioVersion = 15.0.27130.2024
MinimumVisualStudioVersion = 10.0.40219.1
Project("{FAE04EC0-301F-11D3-BF4B-00C04F79EFBC}") = "Aula12", "Aula12\Aula12.csproj", "{C6669E24-6494-41DD-BF4E-8B3FACA5133B}"
EndProject
Global
	GlobalSection(SolutionConfigurationPlatforms) = preSolution
		Debug|Any CPU = Debug|Any CPU
		Release|Any CPU = Release|Any CPU
	EndGlobalSection
	GlobalSection(ProjectConfigurationPlatforms) = postSolution
		{C6669E24-6494-41DD-BF4E-8B3FACA5133B}.Debug|Any CPU.ActiveCfg = Debug|Any CPU
		{C6669E24-6494-41DD-BF4E-8B3FACA5133B}.Debug|Any CPU.Build.0 = Debug|Any CPU
		{C6669E24-6494-41DD-BF4E-8B3FACA5133B}.Release|Any CPU.ActiveCfg = Release|Any CPU
		{C6669E24-6494-41DD-BF4E-8B3FACA5133B}.Release|Any CPU.Build.0 = Release|Any CPU
	EndGlobalSection
	GlobalSection(SolutionProperties) = preSolution
		HideSolutionNode = FALSE
	EndGlobalSection
	GlobalSection(ExtensibilityGlobals) = postSolution
		SolutionGuid = {68C9048C-9E9B-422C-B574-2E916CED573D}
	EndGlobalSection
EndGlobal
